
Microsoft Visual Studio Solution File, Format Version 12.00
# Visual Studio Version 17
VisualStudioVersion = 17.5.33424.131
MinimumVisualStudioVersion = 10.0.40219.1
Project("{FAE04EC0-301F-11D3-BF4B-00C04F79EFBC}") = "API_Roda_Llantas", "API_Roda_Llantas\API_Roda_Llantas.csproj", "{12CB164B-0E1F-493B-83D9-C521552476DE}"
EndProject
Global
	GlobalSection(SolutionConfigurationPlatforms) = preSolution
		Debug|Any CPU = Debug|Any CPU
		Release|Any CPU = Release|Any CPU
	EndGlobalSection
	GlobalSection(ProjectConfigurationPlatforms) = postSolution
		{12CB164B-0E1F-493B-83D9-C521552476DE}.Debug|Any CPU.ActiveCfg = Debug|Any CPU
		{12CB164B-0E1F-493B-83D9-C521552476DE}.Debug|Any CPU.Build.0 = Debug|Any CPU
		{12CB164B-0E1F-493B-83D9-C521552476DE}.Release|Any CPU.ActiveCfg = Release|Any CPU
		{12CB164B-0E1F-493B-83D9-C521552476DE}.Release|Any CPU.Build.0 = Release|Any CPU
	EndGlobalSection
	GlobalSection(SolutionProperties) = preSolution
		HideSolutionNode = FALSE
	EndGlobalSection
	GlobalSection(ExtensibilityGlobals) = postSolution
		SolutionGuid = {651AB6B0-8975-475F-BFDB-466FCAF15AF4}
	EndGlobalSection
EndGlobal
